
Microsoft Visual Studio Solution File, Format Version 12.00
# Visual Studio Version 17
VisualStudioVersion = 17.0.32112.339
MinimumVisualStudioVersion = 10.0.40219.1
Project("{FAE04EC0-301F-11D3-BF4B-00C04F79EFBC}") = "CustomLINQMethod", "CustomLINQMethod\CustomLINQMethod.csproj", "{C8266ED3-1FE6-40AE-ABDF-3B36B7394A29}"
EndProject
Project("{9A19103F-16F7-4668-BE54-9A1E7A4F7556}") = "Shared", "Shared\Shared.csproj", "{53DF7CE0-2B64-4017-8A76-C2D4EFAA30C9}"
EndProject
Global
	GlobalSection(SolutionConfigurationPlatforms) = preSolution
		Debug|Any CPU = Debug|Any CPU
		Release|Any CPU = Release|Any CPU
	EndGlobalSection
	GlobalSection(ProjectConfigurationPlatforms) = postSolution
		{C8266ED3-1FE6-40AE-ABDF-3B36B7394A29}.Debug|Any CPU.ActiveCfg = Debug|Any CPU
		{C8266ED3-1FE6-40AE-ABDF-3B36B7394A29}.Debug|Any CPU.Build.0 = Debug|Any CPU
		{C8266ED3-1FE6-40AE-ABDF-3B36B7394A29}.Release|Any CPU.ActiveCfg = Release|Any CPU
		{C8266ED3-1FE6-40AE-ABDF-3B36B7394A29}.Release|Any CPU.Build.0 = Release|Any CPU
		{53DF7CE0-2B64-4017-8A76-C2D4EFAA30C9}.Debug|Any CPU.ActiveCfg = Debug|Any CPU
		{53DF7CE0-2B64-4017-8A76-C2D4EFAA30C9}.Debug|Any CPU.Build.0 = Debug|Any CPU
		{53DF7CE0-2B64-4017-8A76-C2D4EFAA30C9}.Release|Any CPU.ActiveCfg = Release|Any CPU
		{53DF7CE0-2B64-4017-8A76-C2D4EFAA30C9}.Release|Any CPU.Build.0 = Release|Any CPU
	EndGlobalSection
	GlobalSection(SolutionProperties) = preSolution
		HideSolutionNode = FALSE
	EndGlobalSection
	GlobalSection(ExtensibilityGlobals) = postSolution
		SolutionGuid = {DE63D100-4ADD-4070-8565-655A90E02AD4}
	EndGlobalSection
EndGlobal
